// !$*UTF8*$!
{
	archiveVersion = 1;
	classes = {
	};
	objectVersion = 50;
	objects = {

/* Begin PBXBuildFile section */
		B802D3DD26F5A09A00329210 /* SpotifyiOS.framework in Frameworks */ = {isa = PBXBuildFile; fileRef = B802D3DC26F5A09A00329210 /* SpotifyiOS.framework */; };
		B802D3E226F5A79400329210 /* SpotifyController.swift in Sources */ = {isa = PBXBuildFile; fileRef = B802D3E126F5A79400329210 /* SpotifyController.swift */; };
		B836279626F5CD2B0092A106 /* CreateProfile.swift in Sources */ = {isa = PBXBuildFile; fileRef = B836279526F5CD2B0092A106 /* CreateProfile.swift */; };
		B836279926F5CE5D0092A106 /* HexColor.swift in Sources */ = {isa = PBXBuildFile; fileRef = B836279826F5CE5D0092A106 /* HexColor.swift */; };
		B836279B26F5CF8C0092A106 /* medium.ttf in Resources */ = {isa = PBXBuildFile; fileRef = B836279A26F5CF8C0092A106 /* medium.ttf */; };
		B836279F26F648B10092A106 /* book.ttf in Resources */ = {isa = PBXBuildFile; fileRef = B836279E26F648B10092A106 /* book.ttf */; };
		B83627A126F64CF50092A106 /* OnboardingSong.swift in Sources */ = {isa = PBXBuildFile; fileRef = B83627A026F64CF50092A106 /* OnboardingSong.swift */; };
		B83627A326F653530092A106 /* Taste.swift in Sources */ = {isa = PBXBuildFile; fileRef = B83627A226F653530092A106 /* Taste.swift */; };
		B83627A526F660110092A106 /* GenreSelector.swift in Sources */ = {isa = PBXBuildFile; fileRef = B83627A426F660110092A106 /* GenreSelector.swift */; };
		B83627A726F664480092A106 /* FavoriteArtist.swift in Sources */ = {isa = PBXBuildFile; fileRef = B83627A626F664480092A106 /* FavoriteArtist.swift */; };
		B83627AC26F66A6D0092A106 /* URLImage.swift in Sources */ = {isa = PBXBuildFile; fileRef = B83627AB26F66A6D0092A106 /* URLImage.swift */; };
		B83627AF26F6736C0092A106 /* PeopleToFollow.swift in Sources */ = {isa = PBXBuildFile; fileRef = B83627AE26F6736C0092A106 /* PeopleToFollow.swift */; };
		B83627B126F68B880092A106 /* Loading.swift in Sources */ = {isa = PBXBuildFile; fileRef = B83627B026F68B880092A106 /* Loading.swift */; };
		B83627B426F6C4440092A106 /* Home.swift in Sources */ = {isa = PBXBuildFile; fileRef = B83627B326F6C4430092A106 /* Home.swift */; };
		B83627B626F6C45C0092A106 /* Header.swift in Sources */ = {isa = PBXBuildFile; fileRef = B83627B526F6C45C0092A106 /* Header.swift */; };
		B83627B826F6D5550092A106 /* HomeSearchBar.swift in Sources */ = {isa = PBXBuildFile; fileRef = B83627B726F6D5540092A106 /* HomeSearchBar.swift */; };
		B83627BA26F6D7630092A106 /* Following.swift in Sources */ = {isa = PBXBuildFile; fileRef = B83627B926F6D7630092A106 /* Following.swift */; };
		B83792F126F6FB5D00D85B6D /* Rising.swift in Sources */ = {isa = PBXBuildFile; fileRef = B83792F026F6FB5D00D85B6D /* Rising.swift */; };
		B83792F326F6FD9F00D85B6D /* CreatorMonth.swift in Sources */ = {isa = PBXBuildFile; fileRef = B83792F226F6FD9F00D85B6D /* CreatorMonth.swift */; };
		B83792F526F7033100D85B6D /* NewPlaylist.swift in Sources */ = {isa = PBXBuildFile; fileRef = B83792F426F7033100D85B6D /* NewPlaylist.swift */; };
		B83792F726F7162B00D85B6D /* PlusFour.swift in Sources */ = {isa = PBXBuildFile; fileRef = B83792F626F7162A00D85B6D /* PlusFour.swift */; };
		B83792F926F7198F00D85B6D /* NewPlaylistFollow.swift in Sources */ = {isa = PBXBuildFile; fileRef = B83792F826F7198F00D85B6D /* NewPlaylistFollow.swift */; };
		B83792FB26F71E0600D85B6D /* Reshared.swift in Sources */ = {isa = PBXBuildFile; fileRef = B83792FA26F71E0600D85B6D /* Reshared.swift */; };
		B83792FD26F7227B00D85B6D /* NewSong.swift in Sources */ = {isa = PBXBuildFile; fileRef = B83792FC26F7227B00D85B6D /* NewSong.swift */; };
		B83792FF26F728B800D85B6D /* MenuBar.swift in Sources */ = {isa = PBXBuildFile; fileRef = B83792FE26F728B700D85B6D /* MenuBar.swift */; };
		BE8B3EC126F59415008B44BB /* PinnacleApp.swift in Sources */ = {isa = PBXBuildFile; fileRef = BE8B3EC026F59415008B44BB /* PinnacleApp.swift */; };
		BE8B3EC326F59415008B44BB /* ContentView.swift in Sources */ = {isa = PBXBuildFile; fileRef = BE8B3EC226F59415008B44BB /* ContentView.swift */; };
		BE8B3EC526F59416008B44BB /* Assets.xcassets in Resources */ = {isa = PBXBuildFile; fileRef = BE8B3EC426F59416008B44BB /* Assets.xcassets */; };
		BE8B3EC826F59416008B44BB /* Preview Assets.xcassets in Resources */ = {isa = PBXBuildFile; fileRef = BE8B3EC726F59416008B44BB /* Preview Assets.xcassets */; };
		BEAFD42126F6CEF400F1A502 /* SpotlightEndpoints.swift in Sources */ = {isa = PBXBuildFile; fileRef = BEAFD42026F6CEF400F1A502 /* SpotlightEndpoints.swift */; };
		BEAFD42326F6CF7C00F1A502 /* Payload.swift in Sources */ = {isa = PBXBuildFile; fileRef = BEAFD42226F6CF7C00F1A502 /* Payload.swift */; };
		BEAFD42526F6D04200F1A502 /* Song.swift in Sources */ = {isa = PBXBuildFile; fileRef = BEAFD42426F6D04200F1A502 /* Song.swift */; };
		BEAFD42726F6D9C800F1A502 /* User.swift in Sources */ = {isa = PBXBuildFile; fileRef = BEAFD42626F6D9C800F1A502 /* User.swift */; };
		BEAFD42926F6D9D100F1A502 /* Artist.swift in Sources */ = {isa = PBXBuildFile; fileRef = BEAFD42826F6D9D100F1A502 /* Artist.swift */; };
		BEAFD42B26F6D9D800F1A502 /* Playlist.swift in Sources */ = {isa = PBXBuildFile; fileRef = BEAFD42A26F6D9D800F1A502 /* Playlist.swift */; };
		BEAFD42D26F6D9F100F1A502 /* Post.swift in Sources */ = {isa = PBXBuildFile; fileRef = BEAFD42C26F6D9F100F1A502 /* Post.swift */; };
/* End PBXBuildFile section */

/* Begin PBXFileReference section */
		B802D3DC26F5A09A00329210 /* SpotifyiOS.framework */ = {isa = PBXFileReference; lastKnownFileType = wrapper.framework; path = SpotifyiOS.framework; sourceTree = "<group>"; };
		B802D3DE26F5A27B00329210 /* Pinnacle-Bridging-Header.h */ = {isa = PBXFileReference; lastKnownFileType = sourcecode.c.h; path = "Pinnacle-Bridging-Header.h"; sourceTree = "<group>"; };
		B802D3E126F5A79400329210 /* SpotifyController.swift */ = {isa = PBXFileReference; lastKnownFileType = sourcecode.swift; path = SpotifyController.swift; sourceTree = "<group>"; };
		B836279526F5CD2B0092A106 /* CreateProfile.swift */ = {isa = PBXFileReference; lastKnownFileType = sourcecode.swift; path = CreateProfile.swift; sourceTree = "<group>"; };
		B836279826F5CE5D0092A106 /* HexColor.swift */ = {isa = PBXFileReference; lastKnownFileType = sourcecode.swift; path = HexColor.swift; sourceTree = "<group>"; };
		B836279A26F5CF8C0092A106 /* medium.ttf */ = {isa = PBXFileReference; lastKnownFileType = file; path = medium.ttf; sourceTree = "<group>"; };
		B836279E26F648B10092A106 /* book.ttf */ = {isa = PBXFileReference; lastKnownFileType = file; path = book.ttf; sourceTree = "<group>"; };
		B83627A026F64CF50092A106 /* OnboardingSong.swift */ = {isa = PBXFileReference; lastKnownFileType = sourcecode.swift; path = OnboardingSong.swift; sourceTree = "<group>"; };
		B83627A226F653530092A106 /* Taste.swift */ = {isa = PBXFileReference; lastKnownFileType = sourcecode.swift; path = Taste.swift; sourceTree = "<group>"; };
		B83627A426F660110092A106 /* GenreSelector.swift */ = {isa = PBXFileReference; lastKnownFileType = sourcecode.swift; path = GenreSelector.swift; sourceTree = "<group>"; };
		B83627A626F664480092A106 /* FavoriteArtist.swift */ = {isa = PBXFileReference; lastKnownFileType = sourcecode.swift; path = FavoriteArtist.swift; sourceTree = "<group>"; };
		B83627AB26F66A6D0092A106 /* URLImage.swift */ = {isa = PBXFileReference; lastKnownFileType = sourcecode.swift; path = URLImage.swift; sourceTree = "<group>"; };
		B83627AE26F6736C0092A106 /* PeopleToFollow.swift */ = {isa = PBXFileReference; lastKnownFileType = sourcecode.swift; path = PeopleToFollow.swift; sourceTree = "<group>"; };
		B83627B026F68B880092A106 /* Loading.swift */ = {isa = PBXFileReference; lastKnownFileType = sourcecode.swift; path = Loading.swift; sourceTree = "<group>"; };
		B83627B326F6C4430092A106 /* Home.swift */ = {isa = PBXFileReference; lastKnownFileType = sourcecode.swift; path = Home.swift; sourceTree = "<group>"; };
		B83627B526F6C45C0092A106 /* Header.swift */ = {isa = PBXFileReference; lastKnownFileType = sourcecode.swift; path = Header.swift; sourceTree = "<group>"; };
		B83627B726F6D5540092A106 /* HomeSearchBar.swift */ = {isa = PBXFileReference; lastKnownFileType = sourcecode.swift; path = HomeSearchBar.swift; sourceTree = "<group>"; };
		B83627B926F6D7630092A106 /* Following.swift */ = {isa = PBXFileReference; lastKnownFileType = sourcecode.swift; path = Following.swift; sourceTree = "<group>"; };
		B83792F026F6FB5D00D85B6D /* Rising.swift */ = {isa = PBXFileReference; lastKnownFileType = sourcecode.swift; path = Rising.swift; sourceTree = "<group>"; };
		B83792F226F6FD9F00D85B6D /* CreatorMonth.swift */ = {isa = PBXFileReference; lastKnownFileType = sourcecode.swift; path = CreatorMonth.swift; sourceTree = "<group>"; };
		B83792F426F7033100D85B6D /* NewPlaylist.swift */ = {isa = PBXFileReference; lastKnownFileType = sourcecode.swift; path = NewPlaylist.swift; sourceTree = "<group>"; };
		B83792F626F7162A00D85B6D /* PlusFour.swift */ = {isa = PBXFileReference; lastKnownFileType = sourcecode.swift; path = PlusFour.swift; sourceTree = "<group>"; };
		B83792F826F7198F00D85B6D /* NewPlaylistFollow.swift */ = {isa = PBXFileReference; lastKnownFileType = sourcecode.swift; path = NewPlaylistFollow.swift; sourceTree = "<group>"; };
		B83792FA26F71E0600D85B6D /* Reshared.swift */ = {isa = PBXFileReference; lastKnownFileType = sourcecode.swift; path = Reshared.swift; sourceTree = "<group>"; };
		B83792FC26F7227B00D85B6D /* NewSong.swift */ = {isa = PBXFileReference; lastKnownFileType = sourcecode.swift; path = NewSong.swift; sourceTree = "<group>"; };
		B83792FE26F728B700D85B6D /* MenuBar.swift */ = {isa = PBXFileReference; lastKnownFileType = sourcecode.swift; path = MenuBar.swift; sourceTree = "<group>"; };
		BE8B3EBD26F59415008B44BB /* Pinnacle.app */ = {isa = PBXFileReference; explicitFileType = wrapper.application; includeInIndex = 0; path = Pinnacle.app; sourceTree = BUILT_PRODUCTS_DIR; };
		BE8B3EC026F59415008B44BB /* PinnacleApp.swift */ = {isa = PBXFileReference; lastKnownFileType = sourcecode.swift; path = PinnacleApp.swift; sourceTree = "<group>"; };
		BE8B3EC226F59415008B44BB /* ContentView.swift */ = {isa = PBXFileReference; lastKnownFileType = sourcecode.swift; path = ContentView.swift; sourceTree = "<group>"; };
		BE8B3EC426F59416008B44BB /* Assets.xcassets */ = {isa = PBXFileReference; lastKnownFileType = folder.assetcatalog; path = Assets.xcassets; sourceTree = "<group>"; };
		BE8B3EC726F59416008B44BB /* Preview Assets.xcassets */ = {isa = PBXFileReference; lastKnownFileType = folder.assetcatalog; path = "Preview Assets.xcassets"; sourceTree = "<group>"; };
		BE8B3EC926F59417008B44BB /* Info.plist */ = {isa = PBXFileReference; lastKnownFileType = text.plist.xml; path = Info.plist; sourceTree = "<group>"; };
		BEAFD42026F6CEF400F1A502 /* SpotlightEndpoints.swift */ = {isa = PBXFileReference; lastKnownFileType = sourcecode.swift; path = SpotlightEndpoints.swift; sourceTree = "<group>"; };
		BEAFD42226F6CF7C00F1A502 /* Payload.swift */ = {isa = PBXFileReference; lastKnownFileType = sourcecode.swift; path = Payload.swift; sourceTree = "<group>"; };
		BEAFD42426F6D04200F1A502 /* Song.swift */ = {isa = PBXFileReference; lastKnownFileType = sourcecode.swift; path = Song.swift; sourceTree = "<group>"; };
		BEAFD42626F6D9C800F1A502 /* User.swift */ = {isa = PBXFileReference; lastKnownFileType = sourcecode.swift; path = User.swift; sourceTree = "<group>"; };
		BEAFD42826F6D9D100F1A502 /* Artist.swift */ = {isa = PBXFileReference; lastKnownFileType = sourcecode.swift; path = Artist.swift; sourceTree = "<group>"; };
		BEAFD42A26F6D9D800F1A502 /* Playlist.swift */ = {isa = PBXFileReference; lastKnownFileType = sourcecode.swift; path = Playlist.swift; sourceTree = "<group>"; };
		BEAFD42C26F6D9F100F1A502 /* Post.swift */ = {isa = PBXFileReference; lastKnownFileType = sourcecode.swift; path = Post.swift; sourceTree = "<group>"; };
/* End PBXFileReference section */

/* Begin PBXFrameworksBuildPhase section */
		BE8B3EBA26F59415008B44BB /* Frameworks */ = {
			isa = PBXFrameworksBuildPhase;
			buildActionMask = 2147483647;
			files = (
				B802D3DD26F5A09A00329210 /* SpotifyiOS.framework in Frameworks */,
			);
			runOnlyForDeploymentPostprocessing = 0;
		};
/* End PBXFrameworksBuildPhase section */

/* Begin PBXGroup section */
		B836279426F5CD0F0092A106 /* Onboarding */ = {
			isa = PBXGroup;
			children = (
				B83627AD26F672E90092A106 /* 3 */,
				B83627A926F6645E0092A106 /* 2 */,
				B83627A826F6644C0092A106 /* 1 */,
				B83627B026F68B880092A106 /* Loading.swift */,
			);
			path = Onboarding;
			sourceTree = "<group>";
		};
		B836279726F5CE490092A106 /* Extension */ = {
			isa = PBXGroup;
			children = (
				B836279826F5CE5D0092A106 /* HexColor.swift */,
			);
			path = Extension;
			sourceTree = "<group>";
		};
		B836279C26F5CF910092A106 /* Fonts */ = {
			isa = PBXGroup;
			children = (
				B836279A26F5CF8C0092A106 /* medium.ttf */,
				B836279E26F648B10092A106 /* book.ttf */,
			);
			path = Fonts;
			sourceTree = "<group>";
		};
		B83627A826F6644C0092A106 /* 1 */ = {
			isa = PBXGroup;
			children = (
				B836279526F5CD2B0092A106 /* CreateProfile.swift */,
				B83627A026F64CF50092A106 /* OnboardingSong.swift */,
			);
			path = 1;
			sourceTree = "<group>";
		};
		B83627A926F6645E0092A106 /* 2 */ = {
			isa = PBXGroup;
			children = (
				B83627A226F653530092A106 /* Taste.swift */,
				B83627A426F660110092A106 /* GenreSelector.swift */,
				B83627A626F664480092A106 /* FavoriteArtist.swift */,
			);
			path = 2;
			sourceTree = "<group>";
		};
		B83627AA26F66A5D0092A106 /* Models */ = {
			isa = PBXGroup;
			children = (
				B83627AB26F66A6D0092A106 /* URLImage.swift */,
				BEAFD42226F6CF7C00F1A502 /* Payload.swift */,
				BEAFD42426F6D04200F1A502 /* Song.swift */,
				BEAFD42626F6D9C800F1A502 /* User.swift */,
				BEAFD42826F6D9D100F1A502 /* Artist.swift */,
				BEAFD42A26F6D9D800F1A502 /* Playlist.swift */,
				BEAFD42C26F6D9F100F1A502 /* Post.swift */,
			);
			path = Models;
			sourceTree = "<group>";
		};
		B83627AD26F672E90092A106 /* 3 */ = {
			isa = PBXGroup;
			children = (
				B83627AE26F6736C0092A106 /* PeopleToFollow.swift */,
			);
			path = 3;
			sourceTree = "<group>";
		};
		B83627B226F6C4350092A106 /* Home */ = {
			isa = PBXGroup;
			children = (
				B83627B326F6C4430092A106 /* Home.swift */,
				B83627B526F6C45C0092A106 /* Header.swift */,
				B83627B726F6D5540092A106 /* HomeSearchBar.swift */,
				B83627B926F6D7630092A106 /* Following.swift */,
				B83792F026F6FB5D00D85B6D /* Rising.swift */,
				B83792F226F6FD9F00D85B6D /* CreatorMonth.swift */,
				B83792F426F7033100D85B6D /* NewPlaylist.swift */,
				B83792F626F7162A00D85B6D /* PlusFour.swift */,
				B83792F826F7198F00D85B6D /* NewPlaylistFollow.swift */,
				B83792FA26F71E0600D85B6D /* Reshared.swift */,
				B83792FC26F7227B00D85B6D /* NewSong.swift */,
				B83792FE26F728B700D85B6D /* MenuBar.swift */,
			);
			path = Home;
			sourceTree = "<group>";
		};
		BE8B3EB426F59415008B44BB = {
			isa = PBXGroup;
			children = (
				B802D3DC26F5A09A00329210 /* SpotifyiOS.framework */,
				B802D3DE26F5A27B00329210 /* Pinnacle-Bridging-Header.h */,
				BE8B3EBF26F59415008B44BB /* Pinnacle */,
				BE8B3EBE26F59415008B44BB /* Products */,
			);
			sourceTree = "<group>";
		};
		BE8B3EBE26F59415008B44BB /* Products */ = {
			isa = PBXGroup;
			children = (
				BE8B3EBD26F59415008B44BB /* Pinnacle.app */,
			);
			name = Products;
			sourceTree = "<group>";
		};
		BE8B3EBF26F59415008B44BB /* Pinnacle */ = {
			isa = PBXGroup;
			children = (
				BEAFD41F26F6CEE100F1A502 /* Endpoints */,
				B83627B226F6C4350092A106 /* Home */,
				B83627AA26F66A5D0092A106 /* Models */,
				B836279C26F5CF910092A106 /* Fonts */,
				B836279726F5CE490092A106 /* Extension */,
				B836279426F5CD0F0092A106 /* Onboarding */,
				BE8B3EC026F59415008B44BB /* PinnacleApp.swift */,
				BE8B3EC226F59415008B44BB /* ContentView.swift */,
				BE8B3EC426F59416008B44BB /* Assets.xcassets */,
				BE8B3EC926F59417008B44BB /* Info.plist */,
				BE8B3EC626F59416008B44BB /* Preview Content */,
				B802D3E126F5A79400329210 /* SpotifyController.swift */,
			);
			path = Pinnacle;
			sourceTree = "<group>";
		};
		BE8B3EC626F59416008B44BB /* Preview Content */ = {
			isa = PBXGroup;
			children = (
				BE8B3EC726F59416008B44BB /* Preview Assets.xcassets */,
			);
			path = "Preview Content";
			sourceTree = "<group>";
		};
		BEAFD41F26F6CEE100F1A502 /* Endpoints */ = {
			isa = PBXGroup;
			children = (
				BEAFD42026F6CEF400F1A502 /* SpotlightEndpoints.swift */,
			);
			path = Endpoints;
			sourceTree = "<group>";
		};
/* End PBXGroup section */

/* Begin PBXNativeTarget section */
		BE8B3EBC26F59415008B44BB /* Pinnacle */ = {
			isa = PBXNativeTarget;
			buildConfigurationList = BE8B3ECC26F59417008B44BB /* Build configuration list for PBXNativeTarget "Pinnacle" */;
			buildPhases = (
				BE8B3EB926F59415008B44BB /* Sources */,
				BE8B3EBA26F59415008B44BB /* Frameworks */,
				BE8B3EBB26F59415008B44BB /* Resources */,
			);
			buildRules = (
			);
			dependencies = (
			);
			name = Pinnacle;
			productName = Pinnacle;
			productReference = BE8B3EBD26F59415008B44BB /* Pinnacle.app */;
			productType = "com.apple.product-type.application";
		};
/* End PBXNativeTarget section */

/* Begin PBXProject section */
		BE8B3EB526F59415008B44BB /* Project object */ = {
			isa = PBXProject;
			attributes = {
				LastSwiftUpdateCheck = 1250;
				LastUpgradeCheck = 1250;
				TargetAttributes = {
					BE8B3EBC26F59415008B44BB = {
						CreatedOnToolsVersion = 12.5.1;
					};
				};
			};
			buildConfigurationList = BE8B3EB826F59415008B44BB /* Build configuration list for PBXProject "Pinnacle" */;
			compatibilityVersion = "Xcode 9.3";
			developmentRegion = en;
			hasScannedForEncodings = 0;
			knownRegions = (
				en,
				Base,
			);
			mainGroup = BE8B3EB426F59415008B44BB;
			productRefGroup = BE8B3EBE26F59415008B44BB /* Products */;
			projectDirPath = "";
			projectRoot = "";
			targets = (
				BE8B3EBC26F59415008B44BB /* Pinnacle */,
			);
		};
/* End PBXProject section */

/* Begin PBXResourcesBuildPhase section */
		BE8B3EBB26F59415008B44BB /* Resources */ = {
			isa = PBXResourcesBuildPhase;
			buildActionMask = 2147483647;
			files = (
				B836279F26F648B10092A106 /* book.ttf in Resources */,
				B836279B26F5CF8C0092A106 /* medium.ttf in Resources */,
				BE8B3EC826F59416008B44BB /* Preview Assets.xcassets in Resources */,
				BE8B3EC526F59416008B44BB /* Assets.xcassets in Resources */,
			);
			runOnlyForDeploymentPostprocessing = 0;
		};
/* End PBXResourcesBuildPhase section */

/* Begin PBXSourcesBuildPhase section */
		BE8B3EB926F59415008B44BB /* Sources */ = {
			isa = PBXSourcesBuildPhase;
			buildActionMask = 2147483647;
			files = (
				B83627A526F660110092A106 /* GenreSelector.swift in Sources */,
				B83792F726F7162B00D85B6D /* PlusFour.swift in Sources */,
				B802D3E226F5A79400329210 /* SpotifyController.swift in Sources */,
				B83627A726F664480092A106 /* FavoriteArtist.swift in Sources */,
				B83792F126F6FB5D00D85B6D /* Rising.swift in Sources */,
				B83792F926F7198F00D85B6D /* NewPlaylistFollow.swift in Sources */,
				B83627AC26F66A6D0092A106 /* URLImage.swift in Sources */,
				BEAFD42726F6D9C800F1A502 /* User.swift in Sources */,
				BEAFD42126F6CEF400F1A502 /* SpotlightEndpoints.swift in Sources */,
				B83792FD26F7227B00D85B6D /* NewSong.swift in Sources */,
				BE8B3EC326F59415008B44BB /* ContentView.swift in Sources */,
				B83792F526F7033100D85B6D /* NewPlaylist.swift in Sources */,
				B836279926F5CE5D0092A106 /* HexColor.swift in Sources */,
				B83627B426F6C4440092A106 /* Home.swift in Sources */,
				B83627B826F6D5550092A106 /* HomeSearchBar.swift in Sources */,
				B83627AF26F6736C0092A106 /* PeopleToFollow.swift in Sources */,
				BEAFD42326F6CF7C00F1A502 /* Payload.swift in Sources */,
				B83792F326F6FD9F00D85B6D /* CreatorMonth.swift in Sources */,
				BEAFD42526F6D04200F1A502 /* Song.swift in Sources */,
				BEAFD42B26F6D9D800F1A502 /* Playlist.swift in Sources */,
				BE8B3EC126F59415008B44BB /* PinnacleApp.swift in Sources */,
				B83627A326F653530092A106 /* Taste.swift in Sources */,
				B83627BA26F6D7630092A106 /* Following.swift in Sources */,
				B83627B626F6C45C0092A106 /* Header.swift in Sources */,
				B83627A126F64CF50092A106 /* OnboardingSong.swift in Sources */,
				B83792FF26F728B800D85B6D /* MenuBar.swift in Sources */,
				BEAFD42926F6D9D100F1A502 /* Artist.swift in Sources */,
				B83792FB26F71E0600D85B6D /* Reshared.swift in Sources */,
				BEAFD42D26F6D9F100F1A502 /* Post.swift in Sources */,
				B83627B126F68B880092A106 /* Loading.swift in Sources */,
				B836279626F5CD2B0092A106 /* CreateProfile.swift in Sources */,
			);
			runOnlyForDeploymentPostprocessing = 0;
		};
/* End PBXSourcesBuildPhase section */

/* Begin XCBuildConfiguration section */
		BE8B3ECA26F59417008B44BB /* Debug */ = {
			isa = XCBuildConfiguration;
			buildSettings = {
				ALWAYS_SEARCH_USER_PATHS = NO;
				CLANG_ANALYZER_NONNULL = YES;
				CLANG_ANALYZER_NUMBER_OBJECT_CONVERSION = YES_AGGRESSIVE;
				CLANG_CXX_LANGUAGE_STANDARD = "gnu++14";
				CLANG_CXX_LIBRARY = "libc++";
				CLANG_ENABLE_MODULES = YES;
				CLANG_ENABLE_OBJC_ARC = YES;
				CLANG_ENABLE_OBJC_WEAK = YES;
				CLANG_WARN_BLOCK_CAPTURE_AUTORELEASING = YES;
				CLANG_WARN_BOOL_CONVERSION = YES;
				CLANG_WARN_COMMA = YES;
				CLANG_WARN_CONSTANT_CONVERSION = YES;
				CLANG_WARN_DEPRECATED_OBJC_IMPLEMENTATIONS = YES;
				CLANG_WARN_DIRECT_OBJC_ISA_USAGE = YES_ERROR;
				CLANG_WARN_DOCUMENTATION_COMMENTS = YES;
				CLANG_WARN_EMPTY_BODY = YES;
				CLANG_WARN_ENUM_CONVERSION = YES;
				CLANG_WARN_INFINITE_RECURSION = YES;
				CLANG_WARN_INT_CONVERSION = YES;
				CLANG_WARN_NON_LITERAL_NULL_CONVERSION = YES;
				CLANG_WARN_OBJC_IMPLICIT_RETAIN_SELF = YES;
				CLANG_WARN_OBJC_LITERAL_CONVERSION = YES;
				CLANG_WARN_OBJC_ROOT_CLASS = YES_ERROR;
				CLANG_WARN_QUOTED_INCLUDE_IN_FRAMEWORK_HEADER = YES;
				CLANG_WARN_RANGE_LOOP_ANALYSIS = YES;
				CLANG_WARN_STRICT_PROTOTYPES = YES;
				CLANG_WARN_SUSPICIOUS_MOVE = YES;
				CLANG_WARN_UNGUARDED_AVAILABILITY = YES_AGGRESSIVE;
				CLANG_WARN_UNREACHABLE_CODE = YES;
				CLANG_WARN__DUPLICATE_METHOD_MATCH = YES;
				COPY_PHASE_STRIP = NO;
				DEBUG_INFORMATION_FORMAT = dwarf;
				ENABLE_STRICT_OBJC_MSGSEND = YES;
				ENABLE_TESTABILITY = YES;
				GCC_C_LANGUAGE_STANDARD = gnu11;
				GCC_DYNAMIC_NO_PIC = NO;
				GCC_NO_COMMON_BLOCKS = YES;
				GCC_OPTIMIZATION_LEVEL = 0;
				GCC_PREPROCESSOR_DEFINITIONS = (
					"DEBUG=1",
					"$(inherited)",
				);
				GCC_WARN_64_TO_32_BIT_CONVERSION = YES;
				GCC_WARN_ABOUT_RETURN_TYPE = YES_ERROR;
				GCC_WARN_UNDECLARED_SELECTOR = YES;
				GCC_WARN_UNINITIALIZED_AUTOS = YES_AGGRESSIVE;
				GCC_WARN_UNUSED_FUNCTION = YES;
				GCC_WARN_UNUSED_VARIABLE = YES;
				IPHONEOS_DEPLOYMENT_TARGET = 14.5;
				MTL_ENABLE_DEBUG_INFO = INCLUDE_SOURCE;
				MTL_FAST_MATH = YES;
				ONLY_ACTIVE_ARCH = YES;
				OTHER_LDFLAGS = "-ObjC";
				SDKROOT = iphoneos;
				SWIFT_ACTIVE_COMPILATION_CONDITIONS = DEBUG;
				SWIFT_OBJC_BRIDGING_HEADER = "Pinnacle-Bridging-Header.h";
				SWIFT_OPTIMIZATION_LEVEL = "-Onone";
			};
			name = Debug;
		};
		BE8B3ECB26F59417008B44BB /* Release */ = {
			isa = XCBuildConfiguration;
			buildSettings = {
				ALWAYS_SEARCH_USER_PATHS = NO;
				CLANG_ANALYZER_NONNULL = YES;
				CLANG_ANALYZER_NUMBER_OBJECT_CONVERSION = YES_AGGRESSIVE;
				CLANG_CXX_LANGUAGE_STANDARD = "gnu++14";
				CLANG_CXX_LIBRARY = "libc++";
				CLANG_ENABLE_MODULES = YES;
				CLANG_ENABLE_OBJC_ARC = YES;
				CLANG_ENABLE_OBJC_WEAK = YES;
				CLANG_WARN_BLOCK_CAPTURE_AUTORELEASING = YES;
				CLANG_WARN_BOOL_CONVERSION = YES;
				CLANG_WARN_COMMA = YES;
				CLANG_WARN_CONSTANT_CONVERSION = YES;
				CLANG_WARN_DEPRECATED_OBJC_IMPLEMENTATIONS = YES;
				CLANG_WARN_DIRECT_OBJC_ISA_USAGE = YES_ERROR;
				CLANG_WARN_DOCUMENTATION_COMMENTS = YES;
				CLANG_WARN_EMPTY_BODY = YES;
				CLANG_WARN_ENUM_CONVERSION = YES;
				CLANG_WARN_INFINITE_RECURSION = YES;
				CLANG_WARN_INT_CONVERSION = YES;
				CLANG_WARN_NON_LITERAL_NULL_CONVERSION = YES;
				CLANG_WARN_OBJC_IMPLICIT_RETAIN_SELF = YES;
				CLANG_WARN_OBJC_LITERAL_CONVERSION = YES;
				CLANG_WARN_OBJC_ROOT_CLASS = YES_ERROR;
				CLANG_WARN_QUOTED_INCLUDE_IN_FRAMEWORK_HEADER = YES;
				CLANG_WARN_RANGE_LOOP_ANALYSIS = YES;
				CLANG_WARN_STRICT_PROTOTYPES = YES;
				CLANG_WARN_SUSPICIOUS_MOVE = YES;
				CLANG_WARN_UNGUARDED_AVAILABILITY = YES_AGGRESSIVE;
				CLANG_WARN_UNREACHABLE_CODE = YES;
				CLANG_WARN__DUPLICATE_METHOD_MATCH = YES;
				COPY_PHASE_STRIP = NO;
				DEBUG_INFORMATION_FORMAT = "dwarf-with-dsym";
				ENABLE_NS_ASSERTIONS = NO;
				ENABLE_STRICT_OBJC_MSGSEND = YES;
				GCC_C_LANGUAGE_STANDARD = gnu11;
				GCC_NO_COMMON_BLOCKS = YES;
				GCC_WARN_64_TO_32_BIT_CONVERSION = YES;
				GCC_WARN_ABOUT_RETURN_TYPE = YES_ERROR;
				GCC_WARN_UNDECLARED_SELECTOR = YES;
				GCC_WARN_UNINITIALIZED_AUTOS = YES_AGGRESSIVE;
				GCC_WARN_UNUSED_FUNCTION = YES;
				GCC_WARN_UNUSED_VARIABLE = YES;
				IPHONEOS_DEPLOYMENT_TARGET = 14.5;
				MTL_ENABLE_DEBUG_INFO = NO;
				MTL_FAST_MATH = YES;
				OTHER_LDFLAGS = "-ObjC";
				SDKROOT = iphoneos;
				SWIFT_COMPILATION_MODE = wholemodule;
				SWIFT_OBJC_BRIDGING_HEADER = "Pinnacle-Bridging-Header.h";
				SWIFT_OPTIMIZATION_LEVEL = "-O";
				VALIDATE_PRODUCT = YES;
			};
			name = Release;
		};
		BE8B3ECD26F59417008B44BB /* Debug */ = {
			isa = XCBuildConfiguration;
			buildSettings = {
				ASSETCATALOG_COMPILER_APPICON_NAME = AppIcon;
				ASSETCATALOG_COMPILER_GLOBAL_ACCENT_COLOR_NAME = AccentColor;
				CODE_SIGN_STYLE = Automatic;
				DEVELOPMENT_ASSET_PATHS = "\"Pinnacle/Preview Content\"";
				DEVELOPMENT_TEAM = 35ZK849627;
				ENABLE_PREVIEWS = YES;
				FRAMEWORK_SEARCH_PATHS = (
					"$(inherited)",
					"$(PROJECT_DIR)",
				);
				INFOPLIST_FILE = Pinnacle/Info.plist;
				IPHONEOS_DEPLOYMENT_TARGET = 14.0;
				LD_RUNPATH_SEARCH_PATHS = (
					"$(inherited)",
					"@executable_path/Frameworks",
				);
				PRODUCT_BUNDLE_IDENTIFIER = com.Pinnacle;
				PRODUCT_NAME = "$(TARGET_NAME)";
				SWIFT_VERSION = 5.0;
				TARGETED_DEVICE_FAMILY = "1,2";
			};
			name = Debug;
		};
		BE8B3ECE26F59417008B44BB /* Release */ = {
			isa = XCBuildConfiguration;
			buildSettings = {
				ASSETCATALOG_COMPILER_APPICON_NAME = AppIcon;
				ASSETCATALOG_COMPILER_GLOBAL_ACCENT_COLOR_NAME = AccentColor;
				CODE_SIGN_STYLE = Automatic;
				DEVELOPMENT_ASSET_PATHS = "\"Pinnacle/Preview Content\"";
				DEVELOPMENT_TEAM = 35ZK849627;
				ENABLE_PREVIEWS = YES;
				FRAMEWORK_SEARCH_PATHS = (
					"$(inherited)",
					"$(PROJECT_DIR)",
				);
				INFOPLIST_FILE = Pinnacle/Info.plist;
				IPHONEOS_DEPLOYMENT_TARGET = 14.0;
				LD_RUNPATH_SEARCH_PATHS = (
					"$(inherited)",
					"@executable_path/Frameworks",
				);
				PRODUCT_BUNDLE_IDENTIFIER = com.Pinnacle;
				PRODUCT_NAME = "$(TARGET_NAME)";
				SWIFT_VERSION = 5.0;
				TARGETED_DEVICE_FAMILY = "1,2";
			};
			name = Release;
		};
/* End XCBuildConfiguration section */

/* Begin XCConfigurationList section */
		BE8B3EB826F59415008B44BB /* Build configuration list for PBXProject "Pinnacle" */ = {
			isa = XCConfigurationList;
			buildConfigurations = (
				BE8B3ECA26F59417008B44BB /* Debug */,
				BE8B3ECB26F59417008B44BB /* Release */,
			);
			defaultConfigurationIsVisible = 0;
			defaultConfigurationName = Release;
		};
		BE8B3ECC26F59417008B44BB /* Build configuration list for PBXNativeTarget "Pinnacle" */ = {
			isa = XCConfigurationList;
			buildConfigurations = (
				BE8B3ECD26F59417008B44BB /* Debug */,
				BE8B3ECE26F59417008B44BB /* Release */,
			);
			defaultConfigurationIsVisible = 0;
			defaultConfigurationName = Release;
		};
/* End XCConfigurationList section */
	};
	rootObject = BE8B3EB526F59415008B44BB /* Project object */;
}
